
Microsoft Visual Studio Solution File, Format Version 12.00
# Visual Studio Version 17
VisualStudioVersion = 17.10.34916.146
MinimumVisualStudioVersion = 10.0.40219.1
Project("{9A19103F-16F7-4668-BE54-9A1E7A4F7556}") = "BusinessObjects", "BusinessObjects\BusinessObjects.csproj", "{64766029-3777-4CDB-9773-4702867CEFAE}"
EndProject
Project("{9A19103F-16F7-4668-BE54-9A1E7A4F7556}") = "DataAccessLayer", "DataAccessLayer\DataAccessLayer.csproj", "{6F520144-FFC2-4C0E-8D3B-0C826D61D44D}"
EndProject
Project("{9A19103F-16F7-4668-BE54-9A1E7A4F7556}") = "Repositories", "Repositories\Repositories.csproj", "{9414BF53-9D32-4061-94A2-9E4C9C496914}"
EndProject
Project("{9A19103F-16F7-4668-BE54-9A1E7A4F7556}") = "Services", "Services\Services.csproj", "{A37D4469-C11B-47B6-A9F0-3CB34AF47F7B}"
EndProject
Project("{9A19103F-16F7-4668-BE54-9A1E7A4F7556}") = "WPFApp", "WPFApp\WPFApp.csproj", "{EF783F03-57ED-432C-943C-F91B66BF5AC7}"
EndProject
Global
	GlobalSection(SolutionConfigurationPlatforms) = preSolution
		Debug|Any CPU = Debug|Any CPU
		Release|Any CPU = Release|Any CPU
	EndGlobalSection
	GlobalSection(ProjectConfigurationPlatforms) = postSolution
		{64766029-3777-4CDB-9773-4702867CEFAE}.Debug|Any CPU.ActiveCfg = Debug|Any CPU
		{64766029-3777-4CDB-9773-4702867CEFAE}.Debug|Any CPU.Build.0 = Debug|Any CPU
		{64766029-3777-4CDB-9773-4702867CEFAE}.Release|Any CPU.ActiveCfg = Release|Any CPU
		{64766029-3777-4CDB-9773-4702867CEFAE}.Release|Any CPU.Build.0 = Release|Any CPU
		{6F520144-FFC2-4C0E-8D3B-0C826D61D44D}.Debug|Any CPU.ActiveCfg = Debug|Any CPU
		{6F520144-FFC2-4C0E-8D3B-0C826D61D44D}.Debug|Any CPU.Build.0 = Debug|Any CPU
		{6F520144-FFC2-4C0E-8D3B-0C826D61D44D}.Release|Any CPU.ActiveCfg = Release|Any CPU
		{6F520144-FFC2-4C0E-8D3B-0C826D61D44D}.Release|Any CPU.Build.0 = Release|Any CPU
		{9414BF53-9D32-4061-94A2-9E4C9C496914}.Debug|Any CPU.ActiveCfg = Debug|Any CPU
		{9414BF53-9D32-4061-94A2-9E4C9C496914}.Debug|Any CPU.Build.0 = Debug|Any CPU
		{9414BF53-9D32-4061-94A2-9E4C9C496914}.Release|Any CPU.ActiveCfg = Release|Any CPU
		{9414BF53-9D32-4061-94A2-9E4C9C496914}.Release|Any CPU.Build.0 = Release|Any CPU
		{A37D4469-C11B-47B6-A9F0-3CB34AF47F7B}.Debug|Any CPU.ActiveCfg = Debug|Any CPU
		{A37D4469-C11B-47B6-A9F0-3CB34AF47F7B}.Debug|Any CPU.Build.0 = Debug|Any CPU
		{A37D4469-C11B-47B6-A9F0-3CB34AF47F7B}.Release|Any CPU.ActiveCfg = Release|Any CPU
		{A37D4469-C11B-47B6-A9F0-3CB34AF47F7B}.Release|Any CPU.Build.0 = Release|Any CPU
		{EF783F03-57ED-432C-943C-F91B66BF5AC7}.Debug|Any CPU.ActiveCfg = Debug|Any CPU
		{EF783F03-57ED-432C-943C-F91B66BF5AC7}.Debug|Any CPU.Build.0 = Debug|Any CPU
		{EF783F03-57ED-432C-943C-F91B66BF5AC7}.Release|Any CPU.ActiveCfg = Release|Any CPU
		{EF783F03-57ED-432C-943C-F91B66BF5AC7}.Release|Any CPU.Build.0 = Release|Any CPU
	EndGlobalSection
	GlobalSection(SolutionProperties) = preSolution
		HideSolutionNode = FALSE
	EndGlobalSection
	GlobalSection(ExtensibilityGlobals) = postSolution
		SolutionGuid = {BAAFF8F7-8C2E-4180-9A08-C58C817DD5C1}
	EndGlobalSection
EndGlobal
